// !$*UTF8*$!
{
	archiveVersion = 1;
	classes = {
	};
	objectVersion = 46;
	objects = {

/* Begin PBXBuildFile section */
		6998461D1994EB14003D9E0E /* main.m in Sources */ = {isa = PBXBuildFile; fileRef = 6998461C1994EB14003D9E0E /* main.m */; };
		699846201994EB14003D9E0E /* AppDelegate.m in Sources */ = {isa = PBXBuildFile; fileRef = 6998461F1994EB14003D9E0E /* AppDelegate.m */; };
		699846261994EB14003D9E0E /* Main.storyboard in Resources */ = {isa = PBXBuildFile; fileRef = 699846241994EB14003D9E0E /* Main.storyboard */; };
		699846281994EB14003D9E0E /* Images.xcassets in Resources */ = {isa = PBXBuildFile; fileRef = 699846271994EB14003D9E0E /* Images.xcassets */; };
		699846341994EB14003D9E0E /* RatingsTests.m in Sources */ = {isa = PBXBuildFile; fileRef = 699846331994EB14003D9E0E /* RatingsTests.m */; };
		6998465819950802003D9E0E /* 1Star.png in Resources */ = {isa = PBXBuildFile; fileRef = 6998464019950802003D9E0E /* 1Star.png */; };
		6998465919950802003D9E0E /* 1Star@2x.png in Resources */ = {isa = PBXBuildFile; fileRef = 6998464119950802003D9E0E /* 1Star@2x.png */; };
		6998465A19950802003D9E0E /* 1StarSmall.png in Resources */ = {isa = PBXBuildFile; fileRef = 6998464219950802003D9E0E /* 1StarSmall.png */; };
		6998465B19950802003D9E0E /* 1StarSmall@2x.png in Resources */ = {isa = PBXBuildFile; fileRef = 6998464319950802003D9E0E /* 1StarSmall@2x.png */; };
		6998465C19950802003D9E0E /* 2Stars.png in Resources */ = {isa = PBXBuildFile; fileRef = 6998464419950802003D9E0E /* 2Stars.png */; };
		6998465D19950802003D9E0E /* 2Stars@2x.png in Resources */ = {isa = PBXBuildFile; fileRef = 6998464519950802003D9E0E /* 2Stars@2x.png */; };
		6998465E19950802003D9E0E /* 2StarsSmall.png in Resources */ = {isa = PBXBuildFile; fileRef = 6998464619950802003D9E0E /* 2StarsSmall.png */; };
		6998465F19950802003D9E0E /* 2StarsSmall@2x.png in Resources */ = {isa = PBXBuildFile; fileRef = 6998464719950802003D9E0E /* 2StarsSmall@2x.png */; };
		6998466019950802003D9E0E /* 3Stars.png in Resources */ = {isa = PBXBuildFile; fileRef = 6998464819950802003D9E0E /* 3Stars.png */; };
		6998466119950802003D9E0E /* 3Stars@2x.png in Resources */ = {isa = PBXBuildFile; fileRef = 6998464919950802003D9E0E /* 3Stars@2x.png */; };
		6998466219950802003D9E0E /* 3StarsSmall.png in Resources */ = {isa = PBXBuildFile; fileRef = 6998464A19950802003D9E0E /* 3StarsSmall.png */; };
		6998466319950802003D9E0E /* 3StarsSmall@2x.png in Resources */ = {isa = PBXBuildFile; fileRef = 6998464B19950802003D9E0E /* 3StarsSmall@2x.png */; };
		6998466419950802003D9E0E /* 4Stars.png in Resources */ = {isa = PBXBuildFile; fileRef = 6998464C19950802003D9E0E /* 4Stars.png */; };
		6998466519950802003D9E0E /* 4Stars@2x.png in Resources */ = {isa = PBXBuildFile; fileRef = 6998464D19950802003D9E0E /* 4Stars@2x.png */; };
		6998466619950802003D9E0E /* 4StarsSmall.png in Resources */ = {isa = PBXBuildFile; fileRef = 6998464E19950802003D9E0E /* 4StarsSmall.png */; };
		6998466719950802003D9E0E /* 4StarsSmall@2x.png in Resources */ = {isa = PBXBuildFile; fileRef = 6998464F19950802003D9E0E /* 4StarsSmall@2x.png */; };
		6998466819950802003D9E0E /* 5Stars.png in Resources */ = {isa = PBXBuildFile; fileRef = 6998465019950802003D9E0E /* 5Stars.png */; };
		6998466919950802003D9E0E /* 5Stars@2x.png in Resources */ = {isa = PBXBuildFile; fileRef = 6998465119950802003D9E0E /* 5Stars@2x.png */; };
		6998466A19950802003D9E0E /* 5StarsSmall.png in Resources */ = {isa = PBXBuildFile; fileRef = 6998465219950802003D9E0E /* 5StarsSmall.png */; };
		6998466B19950802003D9E0E /* 5StarsSmall@2x.png in Resources */ = {isa = PBXBuildFile; fileRef = 6998465319950802003D9E0E /* 5StarsSmall@2x.png */; };
		6998466C19950802003D9E0E /* Gestures.png in Resources */ = {isa = PBXBuildFile; fileRef = 6998465419950802003D9E0E /* Gestures.png */; };
		6998466D19950802003D9E0E /* Gestures@2x.png in Resources */ = {isa = PBXBuildFile; fileRef = 6998465519950802003D9E0E /* Gestures@2x.png */; };
		6998466E19950802003D9E0E /* Players.png in Resources */ = {isa = PBXBuildFile; fileRef = 6998465619950802003D9E0E /* Players.png */; };
		6998466F19950802003D9E0E /* Players@2x.png in Resources */ = {isa = PBXBuildFile; fileRef = 6998465719950802003D9E0E /* Players@2x.png */; };
		6998467619950E20003D9E0E /* PlayersViewController.m in Sources */ = {isa = PBXBuildFile; fileRef = 6998467519950E20003D9E0E /* PlayersViewController.m */; };
		6998467919951214003D9E0E /* Player.m in Sources */ = {isa = PBXBuildFile; fileRef = 6998467819951214003D9E0E /* Player.m */; };
		6998467C19952D63003D9E0E /* PlayerCell.m in Sources */ = {isa = PBXBuildFile; fileRef = 6998467B19952D63003D9E0E /* PlayerCell.m */; };
		699846801996C381003D9E0E /* PlayerDetailsViewController.m in Sources */ = {isa = PBXBuildFile; fileRef = 6998467F1996C381003D9E0E /* PlayerDetailsViewController.m */; };
		699846831996D066003D9E0E /* GamePickerViewController.m in Sources */ = {isa = PBXBuildFile; fileRef = 699846821996D066003D9E0E /* GamePickerViewController.m */; };
		699846851997F5F0003D9E0E /* README.md in Sources */ = {isa = PBXBuildFile; fileRef = 699846841997F5F0003D9E0E /* README.md */; };
/* End PBXBuildFile section */

/* Begin PBXContainerItemProxy section */
		6998462E1994EB14003D9E0E /* PBXContainerItemProxy */ = {
			isa = PBXContainerItemProxy;
			containerPortal = 6998460F1994EB14003D9E0E /* Project object */;
			proxyType = 1;
			remoteGlobalIDString = 699846161994EB14003D9E0E;
			remoteInfo = Ratings;
		};
/* End PBXContainerItemProxy section */

/* Begin PBXFileReference section */
		699846171994EB14003D9E0E /* Ratings.app */ = {isa = PBXFileReference; explicitFileType = wrapper.application; includeInIndex = 0; path = Ratings.app; sourceTree = BUILT_PRODUCTS_DIR; };
		6998461B1994EB14003D9E0E /* Info.plist */ = {isa = PBXFileReference; lastKnownFileType = text.plist.xml; path = Info.plist; sourceTree = "<group>"; };
		6998461C1994EB14003D9E0E /* main.m */ = {isa = PBXFileReference; lastKnownFileType = sourcecode.c.objc; path = main.m; sourceTree = "<group>"; };
		6998461E1994EB14003D9E0E /* AppDelegate.h */ = {isa = PBXFileReference; lastKnownFileType = sourcecode.c.h; path = AppDelegate.h; sourceTree = "<group>"; };
		6998461F1994EB14003D9E0E /* AppDelegate.m */ = {isa = PBXFileReference; lastKnownFileType = sourcecode.c.objc; path = AppDelegate.m; sourceTree = "<group>"; };
		699846251994EB14003D9E0E /* Base */ = {isa = PBXFileReference; lastKnownFileType = file.storyboard; name = Base; path = Base.lproj/Main.storyboard; sourceTree = "<group>"; };
		699846271994EB14003D9E0E /* Images.xcassets */ = {isa = PBXFileReference; lastKnownFileType = folder.assetcatalog; path = Images.xcassets; sourceTree = "<group>"; };
		6998462D1994EB14003D9E0E /* RatingsTests.xctest */ = {isa = PBXFileReference; explicitFileType = wrapper.cfbundle; includeInIndex = 0; path = RatingsTests.xctest; sourceTree = BUILT_PRODUCTS_DIR; };
		699846321994EB14003D9E0E /* Info.plist */ = {isa = PBXFileReference; lastKnownFileType = text.plist.xml; path = Info.plist; sourceTree = "<group>"; };
		699846331994EB14003D9E0E /* RatingsTests.m */ = {isa = PBXFileReference; lastKnownFileType = sourcecode.c.objc; path = RatingsTests.m; sourceTree = "<group>"; };
		6998464019950802003D9E0E /* 1Star.png */ = {isa = PBXFileReference; lastKnownFileType = image.png; path = 1Star.png; sourceTree = "<group>"; };
		6998464119950802003D9E0E /* 1Star@2x.png */ = {isa = PBXFileReference; lastKnownFileType = image.png; path = "1Star@2x.png"; sourceTree = "<group>"; };
		6998464219950802003D9E0E /* 1StarSmall.png */ = {isa = PBXFileReference; lastKnownFileType = image.png; path = 1StarSmall.png; sourceTree = "<group>"; };
		6998464319950802003D9E0E /* 1StarSmall@2x.png */ = {isa = PBXFileReference; lastKnownFileType = image.png; path = "1StarSmall@2x.png"; sourceTree = "<group>"; };
		6998464419950802003D9E0E /* 2Stars.png */ = {isa = PBXFileReference; lastKnownFileType = image.png; path = 2Stars.png; sourceTree = "<group>"; };
		6998464519950802003D9E0E /* 2Stars@2x.png */ = {isa = PBXFileReference; lastKnownFileType = image.png; path = "2Stars@2x.png"; sourceTree = "<group>"; };
		6998464619950802003D9E0E /* 2StarsSmall.png */ = {isa = PBXFileReference; lastKnownFileType = image.png; path = 2StarsSmall.png; sourceTree = "<group>"; };
		6998464719950802003D9E0E /* 2StarsSmall@2x.png */ = {isa = PBXFileReference; lastKnownFileType = image.png; path = "2StarsSmall@2x.png"; sourceTree = "<group>"; };
		6998464819950802003D9E0E /* 3Stars.png */ = {isa = PBXFileReference; lastKnownFileType = image.png; path = 3Stars.png; sourceTree = "<group>"; };
		6998464919950802003D9E0E /* 3Stars@2x.png */ = {isa = PBXFileReference; lastKnownFileType = image.png; path = "3Stars@2x.png"; sourceTree = "<group>"; };
		6998464A19950802003D9E0E /* 3StarsSmall.png */ = {isa = PBXFileReference; lastKnownFileType = image.png; path = 3StarsSmall.png; sourceTree = "<group>"; };
		6998464B19950802003D9E0E /* 3StarsSmall@2x.png */ = {isa = PBXFileReference; lastKnownFileType = image.png; path = "3StarsSmall@2x.png"; sourceTree = "<group>"; };
		6998464C19950802003D9E0E /* 4Stars.png */ = {isa = PBXFileReference; lastKnownFileType = image.png; path = 4Stars.png; sourceTree = "<group>"; };
		6998464D19950802003D9E0E /* 4Stars@2x.png */ = {isa = PBXFileReference; lastKnownFileType = image.png; path = "4Stars@2x.png"; sourceTree = "<group>"; };
		6998464E19950802003D9E0E /* 4StarsSmall.png */ = {isa = PBXFileReference; lastKnownFileType = image.png; path = 4StarsSmall.png; sourceTree = "<group>"; };
		6998464F19950802003D9E0E /* 4StarsSmall@2x.png */ = {isa = PBXFileReference; lastKnownFileType = image.png; path = "4StarsSmall@2x.png"; sourceTree = "<group>"; };
		6998465019950802003D9E0E /* 5Stars.png */ = {isa = PBXFileReference; lastKnownFileType = image.png; path = 5Stars.png; sourceTree = "<group>"; };
		6998465119950802003D9E0E /* 5Stars@2x.png */ = {isa = PBXFileReference; lastKnownFileType = image.png; path = "5Stars@2x.png"; sourceTree = "<group>"; };
		6998465219950802003D9E0E /* 5StarsSmall.png */ = {isa = PBXFileReference; lastKnownFileType = image.png; path = 5StarsSmall.png; sourceTree = "<group>"; };
		6998465319950802003D9E0E /* 5StarsSmall@2x.png */ = {isa = PBXFileReference; lastKnownFileType = image.png; path = "5StarsSmall@2x.png"; sourceTree = "<group>"; };
		6998465419950802003D9E0E /* Gestures.png */ = {isa = PBXFileReference; lastKnownFileType = image.png; path = Gestures.png; sourceTree = "<group>"; };
		6998465519950802003D9E0E /* Gestures@2x.png */ = {isa = PBXFileReference; lastKnownFileType = image.png; path = "Gestures@2x.png"; sourceTree = "<group>"; };
		6998465619950802003D9E0E /* Players.png */ = {isa = PBXFileReference; lastKnownFileType = image.png; path = Players.png; sourceTree = "<group>"; };
		6998465719950802003D9E0E /* Players@2x.png */ = {isa = PBXFileReference; lastKnownFileType = image.png; path = "Players@2x.png"; sourceTree = "<group>"; };
		6998467419950E20003D9E0E /* PlayersViewController.h */ = {isa = PBXFileReference; fileEncoding = 4; lastKnownFileType = sourcecode.c.h; path = PlayersViewController.h; sourceTree = "<group>"; };
		6998467519950E20003D9E0E /* PlayersViewController.m */ = {isa = PBXFileReference; fileEncoding = 4; lastKnownFileType = sourcecode.c.objc; path = PlayersViewController.m; sourceTree = "<group>"; };
		6998467719951214003D9E0E /* Player.h */ = {isa = PBXFileReference; fileEncoding = 4; lastKnownFileType = sourcecode.c.h; path = Player.h; sourceTree = "<group>"; };
		6998467819951214003D9E0E /* Player.m */ = {isa = PBXFileReference; fileEncoding = 4; lastKnownFileType = sourcecode.c.objc; path = Player.m; sourceTree = "<group>"; };
		6998467A19952D63003D9E0E /* PlayerCell.h */ = {isa = PBXFileReference; fileEncoding = 4; lastKnownFileType = sourcecode.c.h; path = PlayerCell.h; sourceTree = "<group>"; };
		6998467B19952D63003D9E0E /* PlayerCell.m */ = {isa = PBXFileReference; fileEncoding = 4; lastKnownFileType = sourcecode.c.objc; path = PlayerCell.m; sourceTree = "<group>"; };
		6998467E1996C381003D9E0E /* PlayerDetailsViewController.h */ = {isa = PBXFileReference; fileEncoding = 4; lastKnownFileType = sourcecode.c.h; path = PlayerDetailsViewController.h; sourceTree = "<group>"; };
		6998467F1996C381003D9E0E /* PlayerDetailsViewController.m */ = {isa = PBXFileReference; fileEncoding = 4; lastKnownFileType = sourcecode.c.objc; path = PlayerDetailsViewController.m; sourceTree = "<group>"; };
		699846811996D066003D9E0E /* GamePickerViewController.h */ = {isa = PBXFileReference; fileEncoding = 4; lastKnownFileType = sourcecode.c.h; path = GamePickerViewController.h; sourceTree = "<group>"; };
		699846821996D066003D9E0E /* GamePickerViewController.m */ = {isa = PBXFileReference; fileEncoding = 4; lastKnownFileType = sourcecode.c.objc; path = GamePickerViewController.m; sourceTree = "<group>"; };
		699846841997F5F0003D9E0E /* README.md */ = {isa = PBXFileReference; fileEncoding = 4; lastKnownFileType = net.daringfireball.markdown; path = README.md; sourceTree = "<group>"; };
/* End PBXFileReference section */

/* Begin PBXFrameworksBuildPhase section */
		699846141994EB14003D9E0E /* Frameworks */ = {
			isa = PBXFrameworksBuildPhase;
			buildActionMask = 2147483647;
			files = (
			);
			runOnlyForDeploymentPostprocessing = 0;
		};
		6998462A1994EB14003D9E0E /* Frameworks */ = {
			isa = PBXFrameworksBuildPhase;
			buildActionMask = 2147483647;
			files = (
			);
			runOnlyForDeploymentPostprocessing = 0;
		};
/* End PBXFrameworksBuildPhase section */

/* Begin PBXGroup section */
		6998460E1994EB14003D9E0E = {
			isa = PBXGroup;
			children = (
				699846841997F5F0003D9E0E /* README.md */,
				699846191994EB14003D9E0E /* Ratings */,
				699846301994EB14003D9E0E /* RatingsTests */,
				699846181994EB14003D9E0E /* Products */,
			);
			sourceTree = "<group>";
		};
		699846181994EB14003D9E0E /* Products */ = {
			isa = PBXGroup;
			children = (
				699846171994EB14003D9E0E /* Ratings.app */,
				6998462D1994EB14003D9E0E /* RatingsTests.xctest */,
			);
			name = Products;
			sourceTree = "<group>";
		};
		699846191994EB14003D9E0E /* Ratings */ = {
			isa = PBXGroup;
			children = (
				6998461E1994EB14003D9E0E /* AppDelegate.h */,
				6998461F1994EB14003D9E0E /* AppDelegate.m */,
				69984670199509AF003D9E0E /* Model */,
				6998463D1994EB65003D9E0E /* Controller */,
				6998463E1994EB73003D9E0E /* View */,
				699846271994EB14003D9E0E /* Images.xcassets */,
				6998467D1996BFA3003D9E0E /* Resources */,
				6998461A1994EB14003D9E0E /* Supporting Files */,
			);
			path = Ratings;
			sourceTree = "<group>";
		};
		6998461A1994EB14003D9E0E /* Supporting Files */ = {
			isa = PBXGroup;
			children = (
				6998461B1994EB14003D9E0E /* Info.plist */,
				6998461C1994EB14003D9E0E /* main.m */,
			);
			name = "Supporting Files";
			sourceTree = "<group>";
		};
		699846301994EB14003D9E0E /* RatingsTests */ = {
			isa = PBXGroup;
			children = (
				699846331994EB14003D9E0E /* RatingsTests.m */,
				699846311994EB14003D9E0E /* Supporting Files */,
			);
			path = RatingsTests;
			sourceTree = "<group>";
		};
		699846311994EB14003D9E0E /* Supporting Files */ = {
			isa = PBXGroup;
			children = (
				699846321994EB14003D9E0E /* Info.plist */,
			);
			name = "Supporting Files";
			sourceTree = "<group>";
		};
		6998463D1994EB65003D9E0E /* Controller */ = {
			isa = PBXGroup;
			children = (
				6998467419950E20003D9E0E /* PlayersViewController.h */,
				6998467519950E20003D9E0E /* PlayersViewController.m */,
				6998467E1996C381003D9E0E /* PlayerDetailsViewController.h */,
				6998467F1996C381003D9E0E /* PlayerDetailsViewController.m */,
				699846811996D066003D9E0E /* GamePickerViewController.h */,
				699846821996D066003D9E0E /* GamePickerViewController.m */,
			);
			name = Controller;
			sourceTree = "<group>";
		};
		6998463E1994EB73003D9E0E /* View */ = {
			isa = PBXGroup;
			children = (
				6998467A19952D63003D9E0E /* PlayerCell.h */,
				6998467B19952D63003D9E0E /* PlayerCell.m */,
			);
			name = View;
			sourceTree = "<group>";
		};
		6998463F19950802003D9E0E /* Images */ = {
			isa = PBXGroup;
			children = (
				6998464019950802003D9E0E /* 1Star.png */,
				6998464119950802003D9E0E /* 1Star@2x.png */,
				6998464219950802003D9E0E /* 1StarSmall.png */,
				6998464319950802003D9E0E /* 1StarSmall@2x.png */,
				6998464419950802003D9E0E /* 2Stars.png */,
				6998464519950802003D9E0E /* 2Stars@2x.png */,
				6998464619950802003D9E0E /* 2StarsSmall.png */,
				6998464719950802003D9E0E /* 2StarsSmall@2x.png */,
				6998464819950802003D9E0E /* 3Stars.png */,
				6998464919950802003D9E0E /* 3Stars@2x.png */,
				6998464A19950802003D9E0E /* 3StarsSmall.png */,
				6998464B19950802003D9E0E /* 3StarsSmall@2x.png */,
				6998464C19950802003D9E0E /* 4Stars.png */,
				6998464D19950802003D9E0E /* 4Stars@2x.png */,
				6998464E19950802003D9E0E /* 4StarsSmall.png */,
				6998464F19950802003D9E0E /* 4StarsSmall@2x.png */,
				6998465019950802003D9E0E /* 5Stars.png */,
				6998465119950802003D9E0E /* 5Stars@2x.png */,
				6998465219950802003D9E0E /* 5StarsSmall.png */,
				6998465319950802003D9E0E /* 5StarsSmall@2x.png */,
				6998465419950802003D9E0E /* Gestures.png */,
				6998465519950802003D9E0E /* Gestures@2x.png */,
				6998465619950802003D9E0E /* Players.png */,
				6998465719950802003D9E0E /* Players@2x.png */,
			);
			name = Images;
			path = ../Images;
			sourceTree = "<group>";
		};
		69984670199509AF003D9E0E /* Model */ = {
			isa = PBXGroup;
			children = (
				6998467719951214003D9E0E /* Player.h */,
				6998467819951214003D9E0E /* Player.m */,
			);
			name = Model;
			sourceTree = "<group>";
		};
		6998467D1996BFA3003D9E0E /* Resources */ = {
			isa = PBXGroup;
			children = (
				699846241994EB14003D9E0E /* Main.storyboard */,
				6998463F19950802003D9E0E /* Images */,
			);
			name = Resources;
			sourceTree = "<group>";
		};
/* End PBXGroup section */

/* Begin PBXNativeTarget section */
		699846161994EB14003D9E0E /* Ratings */ = {
			isa = PBXNativeTarget;
			buildConfigurationList = 699846371994EB14003D9E0E /* Build configuration list for PBXNativeTarget "Ratings" */;
			buildPhases = (
				699846131994EB14003D9E0E /* Sources */,
				699846141994EB14003D9E0E /* Frameworks */,
				699846151994EB14003D9E0E /* Resources */,
			);
			buildRules = (
			);
			dependencies = (
			);
			name = Ratings;
			productName = Ratings;
			productReference = 699846171994EB14003D9E0E /* Ratings.app */;
			productType = "com.apple.product-type.application";
		};
		6998462C1994EB14003D9E0E /* RatingsTests */ = {
			isa = PBXNativeTarget;
			buildConfigurationList = 6998463A1994EB14003D9E0E /* Build configuration list for PBXNativeTarget "RatingsTests" */;
			buildPhases = (
				699846291994EB14003D9E0E /* Sources */,
				6998462A1994EB14003D9E0E /* Frameworks */,
				6998462B1994EB14003D9E0E /* Resources */,
			);
			buildRules = (
			);
			dependencies = (
				6998462F1994EB14003D9E0E /* PBXTargetDependency */,
			);
			name = RatingsTests;
			productName = RatingsTests;
			productReference = 6998462D1994EB14003D9E0E /* RatingsTests.xctest */;
			productType = "com.apple.product-type.bundle.unit-test";
		};
/* End PBXNativeTarget section */

/* Begin PBXProject section */
		6998460F1994EB14003D9E0E /* Project object */ = {
			isa = PBXProject;
			attributes = {
				LastUpgradeCheck = 0600;
				ORGANIZATIONNAME = DeveloperDave;
				TargetAttributes = {
					699846161994EB14003D9E0E = {
						CreatedOnToolsVersion = 6.0;
					};
					6998462C1994EB14003D9E0E = {
						CreatedOnToolsVersion = 6.0;
						TestTargetID = 699846161994EB14003D9E0E;
					};
				};
			};
			buildConfigurationList = 699846121994EB14003D9E0E /* Build configuration list for PBXProject "Ratings" */;
			compatibilityVersion = "Xcode 3.2";
			developmentRegion = English;
			hasScannedForEncodings = 0;
			knownRegions = (
				en,
				Base,
			);
			mainGroup = 6998460E1994EB14003D9E0E;
			productRefGroup = 699846181994EB14003D9E0E /* Products */;
			projectDirPath = "";
			projectRoot = "";
			targets = (
				699846161994EB14003D9E0E /* Ratings */,
				6998462C1994EB14003D9E0E /* RatingsTests */,
			);
		};
/* End PBXProject section */

/* Begin PBXResourcesBuildPhase section */
		699846151994EB14003D9E0E /* Resources */ = {
			isa = PBXResourcesBuildPhase;
			buildActionMask = 2147483647;
			files = (
				6998466919950802003D9E0E /* 5Stars@2x.png in Resources */,
				6998466419950802003D9E0E /* 4Stars.png in Resources */,
				6998466B19950802003D9E0E /* 5StarsSmall@2x.png in Resources */,
				6998465919950802003D9E0E /* 1Star@2x.png in Resources */,
				6998465F19950802003D9E0E /* 2StarsSmall@2x.png in Resources */,
				6998466C19950802003D9E0E /* Gestures.png in Resources */,
				6998465D19950802003D9E0E /* 2Stars@2x.png in Resources */,
				6998465E19950802003D9E0E /* 2StarsSmall.png in Resources */,
				6998466719950802003D9E0E /* 4StarsSmall@2x.png in Resources */,
				6998466F19950802003D9E0E /* Players@2x.png in Resources */,
				6998466019950802003D9E0E /* 3Stars.png in Resources */,
				6998465C19950802003D9E0E /* 2Stars.png in Resources */,
				6998466319950802003D9E0E /* 3StarsSmall@2x.png in Resources */,
				6998466219950802003D9E0E /* 3StarsSmall.png in Resources */,
				699846261994EB14003D9E0E /* Main.storyboard in Resources */,
				699846281994EB14003D9E0E /* Images.xcassets in Resources */,
				6998466519950802003D9E0E /* 4Stars@2x.png in Resources */,
				6998466A19950802003D9E0E /* 5StarsSmall.png in Resources */,
				6998466619950802003D9E0E /* 4StarsSmall.png in Resources */,
				6998466E19950802003D9E0E /* Players.png in Resources */,
				6998465819950802003D9E0E /* 1Star.png in Resources */,
				6998465B19950802003D9E0E /* 1StarSmall@2x.png in Resources */,
				6998466819950802003D9E0E /* 5Stars.png in Resources */,
				6998466119950802003D9E0E /* 3Stars@2x.png in Resources */,
				6998466D19950802003D9E0E /* Gestures@2x.png in Resources */,
				6998465A19950802003D9E0E /* 1StarSmall.png in Resources */,
			);
			runOnlyForDeploymentPostprocessing = 0;
		};
		6998462B1994EB14003D9E0E /* Resources */ = {
			isa = PBXResourcesBuildPhase;
			buildActionMask = 2147483647;
			files = (
			);
			runOnlyForDeploymentPostprocessing = 0;
		};
/* End PBXResourcesBuildPhase section */

/* Begin PBXSourcesBuildPhase section */
		699846131994EB14003D9E0E /* Sources */ = {
			isa = PBXSourcesBuildPhase;
			buildActionMask = 2147483647;
			files = (
				699846831996D066003D9E0E /* GamePickerViewController.m in Sources */,
				6998467619950E20003D9E0E /* PlayersViewController.m in Sources */,
				699846201994EB14003D9E0E /* AppDelegate.m in Sources */,
				6998461D1994EB14003D9E0E /* main.m in Sources */,
				6998467919951214003D9E0E /* Player.m in Sources */,
				699846801996C381003D9E0E /* PlayerDetailsViewController.m in Sources */,
				699846851997F5F0003D9E0E /* README.md in Sources */,
				6998467C19952D63003D9E0E /* PlayerCell.m in Sources */,
			);
			runOnlyForDeploymentPostprocessing = 0;
		};
		699846291994EB14003D9E0E /* Sources */ = {
			isa = PBXSourcesBuildPhase;
			buildActionMask = 2147483647;
			files = (
				699846341994EB14003D9E0E /* RatingsTests.m in Sources */,
			);
			runOnlyForDeploymentPostprocessing = 0;
		};
/* End PBXSourcesBuildPhase section */

/* Begin PBXTargetDependency section */
		6998462F1994EB14003D9E0E /* PBXTargetDependency */ = {
			isa = PBXTargetDependency;
			target = 699846161994EB14003D9E0E /* Ratings */;
			targetProxy = 6998462E1994EB14003D9E0E /* PBXContainerItemProxy */;
		};
/* End PBXTargetDependency section */

/* Begin PBXVariantGroup section */
		699846241994EB14003D9E0E /* Main.storyboard */ = {
			isa = PBXVariantGroup;
			children = (
				699846251994EB14003D9E0E /* Base */,
			);
			name = Main.storyboard;
			sourceTree = "<group>";
		};
/* End PBXVariantGroup section */

/* Begin XCBuildConfiguration section */
		699846351994EB14003D9E0E /* Debug */ = {
			isa = XCBuildConfiguration;
			buildSettings = {
				ALWAYS_SEARCH_USER_PATHS = NO;
				CLANG_CXX_LANGUAGE_STANDARD = "gnu++0x";
				CLANG_CXX_LIBRARY = "libc++";
				CLANG_ENABLE_MODULES = YES;
				CLANG_ENABLE_OBJC_ARC = YES;
				CLANG_WARN_BOOL_CONVERSION = YES;
				CLANG_WARN_CONSTANT_CONVERSION = YES;
				CLANG_WARN_DIRECT_OBJC_ISA_USAGE = YES_ERROR;
				CLANG_WARN_EMPTY_BODY = YES;
				CLANG_WARN_ENUM_CONVERSION = YES;
				CLANG_WARN_INT_CONVERSION = YES;
				CLANG_WARN_OBJC_ROOT_CLASS = YES_ERROR;
				CLANG_WARN_UNREACHABLE_CODE = YES;
				CLANG_WARN__DUPLICATE_METHOD_MATCH = YES;
				"CODE_SIGN_IDENTITY[sdk=iphoneos*]" = "iPhone Developer";
				COPY_PHASE_STRIP = NO;
				ENABLE_STRICT_OBJC_MSGSEND = YES;
				GCC_C_LANGUAGE_STANDARD = gnu99;
				GCC_DYNAMIC_NO_PIC = NO;
				GCC_OPTIMIZATION_LEVEL = 0;
				GCC_PREPROCESSOR_DEFINITIONS = (
					"DEBUG=1",
					"$(inherited)",
				);
				GCC_SYMBOLS_PRIVATE_EXTERN = NO;
				GCC_WARN_64_TO_32_BIT_CONVERSION = YES;
				GCC_WARN_ABOUT_RETURN_TYPE = YES_ERROR;
				GCC_WARN_UNDECLARED_SELECTOR = YES;
				GCC_WARN_UNINITIALIZED_AUTOS = YES_AGGRESSIVE;
				GCC_WARN_UNUSED_FUNCTION = YES;
				GCC_WARN_UNUSED_VARIABLE = YES;
				IPHONEOS_DEPLOYMENT_TARGET = 8.0;
				MTL_ENABLE_DEBUG_INFO = YES;
				ONLY_ACTIVE_ARCH = YES;
				SDKROOT = iphoneos;
			};
			name = Debug;
		};
		699846361994EB14003D9E0E /* Release */ = {
			isa = XCBuildConfiguration;
			buildSettings = {
				ALWAYS_SEARCH_USER_PATHS = NO;
				CLANG_CXX_LANGUAGE_STANDARD = "gnu++0x";
				CLANG_CXX_LIBRARY = "libc++";
				CLANG_ENABLE_MODULES = YES;
				CLANG_ENABLE_OBJC_ARC = YES;
				CLANG_WARN_BOOL_CONVERSION = YES;
				CLANG_WARN_CONSTANT_CONVERSION = YES;
				CLANG_WARN_DIRECT_OBJC_ISA_USAGE = YES_ERROR;
				CLANG_WARN_EMPTY_BODY = YES;
				CLANG_WARN_ENUM_CONVERSION = YES;
				CLANG_WARN_INT_CONVERSION = YES;
				CLANG_WARN_OBJC_ROOT_CLASS = YES_ERROR;
				CLANG_WARN_UNREACHABLE_CODE = YES;
				CLANG_WARN__DUPLICATE_METHOD_MATCH = YES;
				"CODE_SIGN_IDENTITY[sdk=iphoneos*]" = "iPhone Developer";
				COPY_PHASE_STRIP = YES;
				ENABLE_NS_ASSERTIONS = NO;
				ENABLE_STRICT_OBJC_MSGSEND = YES;
				GCC_C_LANGUAGE_STANDARD = gnu99;
				GCC_WARN_64_TO_32_BIT_CONVERSION = YES;
				GCC_WARN_ABOUT_RETURN_TYPE = YES_ERROR;
				GCC_WARN_UNDECLARED_SELECTOR = YES;
				GCC_WARN_UNINITIALIZED_AUTOS = YES_AGGRESSIVE;
				GCC_WARN_UNUSED_FUNCTION = YES;
				GCC_WARN_UNUSED_VARIABLE = YES;
				IPHONEOS_DEPLOYMENT_TARGET = 8.0;
				MTL_ENABLE_DEBUG_INFO = NO;
				SDKROOT = iphoneos;
				VALIDATE_PRODUCT = YES;
			};
			name = Release;
		};
		699846381994EB14003D9E0E /* Debug */ = {
			isa = XCBuildConfiguration;
			buildSettings = {
				ASSETCATALOG_COMPILER_APPICON_NAME = AppIcon;
				ASSETCATALOG_COMPILER_LAUNCHIMAGE_NAME = LaunchImage;
				INFOPLIST_FILE = Ratings/Info.plist;
				LD_RUNPATH_SEARCH_PATHS = "$(inherited) @executable_path/Frameworks";
				PRODUCT_NAME = "$(TARGET_NAME)";
			};
			name = Debug;
		};
		699846391994EB14003D9E0E /* Release */ = {
			isa = XCBuildConfiguration;
			buildSettings = {
				ASSETCATALOG_COMPILER_APPICON_NAME = AppIcon;
				ASSETCATALOG_COMPILER_LAUNCHIMAGE_NAME = LaunchImage;
				INFOPLIST_FILE = Ratings/Info.plist;
				LD_RUNPATH_SEARCH_PATHS = "$(inherited) @executable_path/Frameworks";
				PRODUCT_NAME = "$(TARGET_NAME)";
			};
			name = Release;
		};
		6998463B1994EB14003D9E0E /* Debug */ = {
			isa = XCBuildConfiguration;
			buildSettings = {
				BUNDLE_LOADER = "$(TEST_HOST)";
				FRAMEWORK_SEARCH_PATHS = (
					"$(SDKROOT)/Developer/Library/Frameworks",
					"$(inherited)",
				);
				GCC_PREPROCESSOR_DEFINITIONS = (
					"DEBUG=1",
					"$(inherited)",
				);
				INFOPLIST_FILE = RatingsTests/Info.plist;
				LD_RUNPATH_SEARCH_PATHS = "$(inherited) @executable_path/Frameworks @loader_path/Frameworks";
				PRODUCT_NAME = "$(TARGET_NAME)";
				TEST_HOST = "$(BUILT_PRODUCTS_DIR)/Ratings.app/Ratings";
			};
			name = Debug;
		};
		6998463C1994EB14003D9E0E /* Release */ = {
			isa = XCBuildConfiguration;
			buildSettings = {
				BUNDLE_LOADER = "$(TEST_HOST)";
				FRAMEWORK_SEARCH_PATHS = (
					"$(SDKROOT)/Developer/Library/Frameworks",
					"$(inherited)",
				);
				INFOPLIST_FILE = RatingsTests/Info.plist;
				LD_RUNPATH_SEARCH_PATHS = "$(inherited) @executable_path/Frameworks @loader_path/Frameworks";
				PRODUCT_NAME = "$(TARGET_NAME)";
				TEST_HOST = "$(BUILT_PRODUCTS_DIR)/Ratings.app/Ratings";
			};
			name = Release;
		};
/* End XCBuildConfiguration section */

/* Begin XCConfigurationList section */
		699846121994EB14003D9E0E /* Build configuration list for PBXProject "Ratings" */ = {
			isa = XCConfigurationList;
			buildConfigurations = (
				699846351994EB14003D9E0E /* Debug */,
				699846361994EB14003D9E0E /* Release */,
			);
			defaultConfigurationIsVisible = 0;
			defaultConfigurationName = Release;
		};
		699846371994EB14003D9E0E /* Build configuration list for PBXNativeTarget "Ratings" */ = {
			isa = XCConfigurationList;
			buildConfigurations = (
				699846381994EB14003D9E0E /* Debug */,
				699846391994EB14003D9E0E /* Release */,
			);
			defaultConfigurationIsVisible = 0;
			defaultConfigurationName = Release;
		};
		6998463A1994EB14003D9E0E /* Build configuration list for PBXNativeTarget "RatingsTests" */ = {
			isa = XCConfigurationList;
			buildConfigurations = (
				6998463B1994EB14003D9E0E /* Debug */,
				6998463C1994EB14003D9E0E /* Release */,
			);
			defaultConfigurationIsVisible = 0;
			defaultConfigurationName = Release;
		};
/* End XCConfigurationList section */
	};
	rootObject = 6998460F1994EB14003D9E0E /* Project object */;
}
